# THIS IS AN AUTOGENERATED FILE. DO NOT EDIT THIS FILE DIRECTLY.
# yarn lockfile v1


lodash@^4.17.19:
  version "4.17.19"
  resolved "https://registry.yarnpkg.com/lodash/-/lodash-4.17.19.tgz#e48ddedbe30b3321783c5b4301fbd353bc1e4a4b"
  integrity sha512-JNvd8XER9GQX0v2qJgsaN/mzFCNA5BRe/j8JN9d+tWyGLSodKQHKFicdwNYzWwI3wjRnaKPsGj1XkBjx/F96DQ==

readline-promise@^1.0.4:
  version "1.0.4"
  resolved "https://registry.yarnpkg.com/readline-promise/-/readline-promise-1.0.4.tgz#c22190438642da6fb99462cfbbfb6232b4edb9bd"
  integrity sha512-b6fycDK7CZWpVXbTl8qnW2jovXPduWKpZGyVZbjK/V4A9iiTU4gur+JEkjjgGKLiDZOftkRCT/dxGLG6hR9HyA==
